{
  "name": "2chamber_app",
  "lockfileVersion": 3,
  "requires": true,
  "packages": {
    "": {
      "dependencies": {
        "bootstrap": "^5.3.7",
        "tom-select": "^2.4.3"
      }
    },
    "node_modules/@orchidjs/sifter": {
      "version": "1.1.0",
      "resolved": "https://registry.npmjs.org/@orchidjs/sifter/-/sifter-1.1.0.tgz",
      "integrity": "sha512-mYwHCfr736cIWWdhhSZvDbf90AKt2xyrJspKFC3qyIJG1LtrJeJunYEqCGG4Aq2ijENbc4WkOjszcvNaIAS/pQ==",
      "license": "Apache-2.0",
      "dependencies": {
        "@orchidjs/unicode-variants": "^1.1.2"
      }
    },
    "node_modules/@orchidjs/unicode-variants": {
      "version": "1.1.2",
      "resolved": "https://registry.npmjs.org/@orchidjs/unicode-variants/-/unicode-variants-1.1.2.tgz",
      "integrity": "sha512-5DobW1CHgnBROOEpFlEXytED5OosEWESFvg/VYmH0143oXcijYTprRYJTs+55HzGM4IqxiLFSuqEzu9mPNwVsA==",
      "license": "Apache-2.0"
    },
    "node_modules/@popperjs/core": {
      "version": "2.11.8",
      "resolved": "https://registry.npmjs.org/@popperjs/core/-/core-2.11.8.tgz",
      "integrity": "sha512-P1st0aksCrn9sGZhp8GMYwBnQsbvAWsZAX44oXNNvLHGqAOcoVxmjZiohstwQ7SqKnbR47akdNi+uleWD8+g6A==",
      "license": "MIT",
      "peer": true,
      "funding": {
        "type": "opencollective",
        "url": "https://opencollective.com/popperjs"
      }
    },
    "node_modules/bootstrap": {
      "version": "5.3.7",
      "resolved": "https://registry.npmjs.org/bootstrap/-/bootstrap-5.3.7.tgz",
      "integrity": "sha512-7KgiD8UHjfcPBHEpDNg+zGz8L3LqR3GVwqZiBRFX04a1BCArZOz1r2kjly2HQ0WokqTO0v1nF+QAt8dsW4lKlw==",
      "funding": [
        {
          "type": "github",
          "url": "https://github.com/sponsors/twbs"
        },
        {
          "type": "opencollective",
          "url": "https://opencollective.com/bootstrap"
        }
      ],
      "license": "MIT",
      "peerDependencies": {
        "@popperjs/core": "^2.11.8"
      }
    },
    "node_modules/tom-select": {
      "version": "2.4.3",
      "resolved": "https://registry.npmjs.org/tom-select/-/tom-select-2.4.3.tgz",
      "integrity": "sha512-MFFrMxP1bpnAMPbdvPCZk0KwYxLqhYZso39torcdoefeV/NThNyDu8dV96/INJ5XQVTL3O55+GqQ78Pkj5oCfw==",
      "license": "Apache-2.0",
      "dependencies": {
        "@orchidjs/sifter": "^1.1.0",
        "@orchidjs/unicode-variants": "^1.1.2"
      },
      "engines": {
        "node": "*"
      },
      "funding": {
        "type": "opencollective",
        "url": "https://opencollective.com/tom-select"
      }
    }
  }
}
